
Microsoft Visual Studio Solution File, Format Version 12.00
# Visual Studio Version 16
VisualStudioVersion = 16.0.31112.23
MinimumVisualStudioVersion = 10.0.40219.1
Project("{FAE04EC0-301F-11D3-BF4B-00C04F79EFBC}") = "Mock Assessment 3", "Mock Assessment 3\Mock Assessment 3.csproj", "{BBF28BF9-635F-4F78-87D4-12C4A9FCA57B}"
EndProject
Global
	GlobalSection(SolutionConfigurationPlatforms) = preSolution
		Debug|Any CPU = Debug|Any CPU
		Release|Any CPU = Release|Any CPU
	EndGlobalSection
	GlobalSection(ProjectConfigurationPlatforms) = postSolution
		{BBF28BF9-635F-4F78-87D4-12C4A9FCA57B}.Debug|Any CPU.ActiveCfg = Debug|Any CPU
		{BBF28BF9-635F-4F78-87D4-12C4A9FCA57B}.Debug|Any CPU.Build.0 = Debug|Any CPU
		{BBF28BF9-635F-4F78-87D4-12C4A9FCA57B}.Release|Any CPU.ActiveCfg = Release|Any CPU
		{BBF28BF9-635F-4F78-87D4-12C4A9FCA57B}.Release|Any CPU.Build.0 = Release|Any CPU
	EndGlobalSection
	GlobalSection(SolutionProperties) = preSolution
		HideSolutionNode = FALSE
	EndGlobalSection
	GlobalSection(ExtensibilityGlobals) = postSolution
		SolutionGuid = {8C0A6B8F-F4AF-431F-B7A9-EE8B9B794231}
	EndGlobalSection
EndGlobal
