
Microsoft Visual Studio Solution File, Format Version 12.00
# Visual Studio Version 16
VisualStudioVersion = 16.0.31112.23
MinimumVisualStudioVersion = 10.0.40219.1
Project("{FAE04EC0-301F-11D3-BF4B-00C04F79EFBC}") = "Circles", "Circles\Circles.csproj", "{ADD3F5FA-833A-425B-8D86-59F7047627BB}"
EndProject
Global
	GlobalSection(SolutionConfigurationPlatforms) = preSolution
		Debug|Any CPU = Debug|Any CPU
		Release|Any CPU = Release|Any CPU
	EndGlobalSection
	GlobalSection(ProjectConfigurationPlatforms) = postSolution
		{ADD3F5FA-833A-425B-8D86-59F7047627BB}.Debug|Any CPU.ActiveCfg = Debug|Any CPU
		{ADD3F5FA-833A-425B-8D86-59F7047627BB}.Debug|Any CPU.Build.0 = Debug|Any CPU
		{ADD3F5FA-833A-425B-8D86-59F7047627BB}.Release|Any CPU.ActiveCfg = Release|Any CPU
		{ADD3F5FA-833A-425B-8D86-59F7047627BB}.Release|Any CPU.Build.0 = Release|Any CPU
	EndGlobalSection
	GlobalSection(SolutionProperties) = preSolution
		HideSolutionNode = FALSE
	EndGlobalSection
	GlobalSection(ExtensibilityGlobals) = postSolution
		SolutionGuid = {25DCC247-675B-409C-8291-B7B837FE9AE3}
	EndGlobalSection
EndGlobal
