
Microsoft Visual Studio Solution File, Format Version 12.00
# Visual Studio Version 16
VisualStudioVersion = 16.0.31112.23
MinimumVisualStudioVersion = 10.0.40219.1
Project("{FAE04EC0-301F-11D3-BF4B-00C04F79EFBC}") = "MethodPractice", "MethodPractice\MethodPractice.csproj", "{4A0BC96E-687D-479B-BD16-6AE4C7B41895}"
EndProject
Global
	GlobalSection(SolutionConfigurationPlatforms) = preSolution
		Debug|Any CPU = Debug|Any CPU
		Release|Any CPU = Release|Any CPU
	EndGlobalSection
	GlobalSection(ProjectConfigurationPlatforms) = postSolution
		{4A0BC96E-687D-479B-BD16-6AE4C7B41895}.Debug|Any CPU.ActiveCfg = Debug|Any CPU
		{4A0BC96E-687D-479B-BD16-6AE4C7B41895}.Debug|Any CPU.Build.0 = Debug|Any CPU
		{4A0BC96E-687D-479B-BD16-6AE4C7B41895}.Release|Any CPU.ActiveCfg = Release|Any CPU
		{4A0BC96E-687D-479B-BD16-6AE4C7B41895}.Release|Any CPU.Build.0 = Release|Any CPU
	EndGlobalSection
	GlobalSection(SolutionProperties) = preSolution
		HideSolutionNode = FALSE
	EndGlobalSection
	GlobalSection(ExtensibilityGlobals) = postSolution
		SolutionGuid = {C09FD4CF-E4E6-4A96-8A2B-8ADB75BC7C7A}
	EndGlobalSection
EndGlobal
