
Microsoft Visual Studio Solution File, Format Version 12.00
# Visual Studio Version 16
VisualStudioVersion = 16.0.31112.23
MinimumVisualStudioVersion = 10.0.40219.1
Project("{FAE04EC0-301F-11D3-BF4B-00C04F79EFBC}") = "ShoppingList", "ShoppingList\ShoppingList.csproj", "{CF42DE3B-7AA4-401B-ACC2-0D6EFF09064B}"
EndProject
Global
	GlobalSection(SolutionConfigurationPlatforms) = preSolution
		Debug|Any CPU = Debug|Any CPU
		Release|Any CPU = Release|Any CPU
	EndGlobalSection
	GlobalSection(ProjectConfigurationPlatforms) = postSolution
		{CF42DE3B-7AA4-401B-ACC2-0D6EFF09064B}.Debug|Any CPU.ActiveCfg = Debug|Any CPU
		{CF42DE3B-7AA4-401B-ACC2-0D6EFF09064B}.Debug|Any CPU.Build.0 = Debug|Any CPU
		{CF42DE3B-7AA4-401B-ACC2-0D6EFF09064B}.Release|Any CPU.ActiveCfg = Release|Any CPU
		{CF42DE3B-7AA4-401B-ACC2-0D6EFF09064B}.Release|Any CPU.Build.0 = Release|Any CPU
	EndGlobalSection
	GlobalSection(SolutionProperties) = preSolution
		HideSolutionNode = FALSE
	EndGlobalSection
	GlobalSection(ExtensibilityGlobals) = postSolution
		SolutionGuid = {433AE688-DB51-4F1E-B2AB-4FBCEBB8538B}
	EndGlobalSection
EndGlobal
